
Microsoft Visual Studio Solution File, Format Version 12.00
# Visual Studio Version 16
VisualStudioVersion = 16.0.29613.14
MinimumVisualStudioVersion = 10.0.40219.1
Project("{FAE04EC0-301F-11D3-BF4B-00C04F79EFBC}") = "HelloWorld", "HelloWorld\HelloWorld.csproj", "{94D72FDD-1326-4692-8393-8FFBF6DDCB51}"
EndProject
Global
	GlobalSection(SolutionConfigurationPlatforms) = preSolution
		Debug|Any CPU = Debug|Any CPU
		Release|Any CPU = Release|Any CPU
	EndGlobalSection
	GlobalSection(ProjectConfigurationPlatforms) = postSolution
		{94D72FDD-1326-4692-8393-8FFBF6DDCB51}.Debug|Any CPU.ActiveCfg = Debug|Any CPU
		{94D72FDD-1326-4692-8393-8FFBF6DDCB51}.Debug|Any CPU.Build.0 = Debug|Any CPU
		{94D72FDD-1326-4692-8393-8FFBF6DDCB51}.Release|Any CPU.ActiveCfg = Release|Any CPU
		{94D72FDD-1326-4692-8393-8FFBF6DDCB51}.Release|Any CPU.Build.0 = Release|Any CPU
	EndGlobalSection
	GlobalSection(SolutionProperties) = preSolution
		HideSolutionNode = FALSE
	EndGlobalSection
	GlobalSection(ExtensibilityGlobals) = postSolution
		SolutionGuid = {C332AF91-E5A8-4875-935B-6886B69AA07D}
	EndGlobalSection
EndGlobal
