
Microsoft Visual Studio Solution File, Format Version 12.00
# Visual Studio Version 16
VisualStudioVersion = 16.0.29613.14
MinimumVisualStudioVersion = 10.0.40219.1
Project("{FAE04EC0-301F-11D3-BF4B-00C04F79EFBC}") = "NumberGuesser", "NumberGuesser\NumberGuesser.csproj", "{662576DF-DE99-4ACB-ACCB-D50C649C2382}"
EndProject
Global
	GlobalSection(SolutionConfigurationPlatforms) = preSolution
		Debug|Any CPU = Debug|Any CPU
		Release|Any CPU = Release|Any CPU
	EndGlobalSection
	GlobalSection(ProjectConfigurationPlatforms) = postSolution
		{662576DF-DE99-4ACB-ACCB-D50C649C2382}.Debug|Any CPU.ActiveCfg = Debug|Any CPU
		{662576DF-DE99-4ACB-ACCB-D50C649C2382}.Debug|Any CPU.Build.0 = Debug|Any CPU
		{662576DF-DE99-4ACB-ACCB-D50C649C2382}.Release|Any CPU.ActiveCfg = Release|Any CPU
		{662576DF-DE99-4ACB-ACCB-D50C649C2382}.Release|Any CPU.Build.0 = Release|Any CPU
	EndGlobalSection
	GlobalSection(SolutionProperties) = preSolution
		HideSolutionNode = FALSE
	EndGlobalSection
	GlobalSection(ExtensibilityGlobals) = postSolution
		SolutionGuid = {DAE8102C-FB5F-43C3-90E6-1CEBCDBAA043}
	EndGlobalSection
EndGlobal
